Microsoft Visual Studio Solution File, Format Version 12.00
# Visual Studio Version 17
VisualStudioVersion = 17.4.33205.214
MinimumVisualStudioVersion = 15.0.26124.0
Project("{D954291E-2A0B-460D-934E-DC6B0785DB48}") = "PaddingWM.Shared", "PaddingWM.Shared\PaddingWM.Shared.shproj", "{6279C845-92F8-4333-AB99-3D213163593C}"
EndProject
Project("{FAE04EC0-301F-11D3-BF4B-00C04F79EFBC}") = "PaddingWM.Droid", "PaddingWM.Droid\PaddingWM.Droid.csproj", "{AF3BD0AD-86D1-4D13-BC7E-97B5B9CB8E01}"
EndProject
Project("{FAE04EC0-301F-11D3-BF4B-00C04F79EFBC}") = "PaddingWM.iOS", "PaddingWM.iOS\PaddingWM.iOS.csproj", "{E906E62F-0CC8-4906-AA50-83BD10519585}"
EndProject
Project("{FAE04EC0-301F-11D3-BF4B-00C04F79EFBC}") = "PaddingWM.Uwp", "PaddingWM.UWP\PaddingWM.Uwp.csproj", "{AC386025-B78C-4FBC-B715-73864DFABAA6}"
EndProject
Project("{9A19103F-16F7-4668-BE54-9A1E7A4F7556}") = "PaddingWM.Wasm", "PaddingWM.Wasm\PaddingWM.Wasm.csproj", "{40EA03F7-8A22-4143-B251-79BAC3EB13D2}"
EndProject
Project("{FAE04EC0-301F-11D3-BF4B-00C04F79EFBC}") = "PaddingWM.macOS", "PaddingWM.macOS\PaddingWM.macOS.csproj", "{33D2E527-0118-4C8E-8C46-CD3AEF9BD1D8}"
EndProject
Project("{9A19103F-16F7-4668-BE54-9A1E7A4F7556}") = "PaddingWM.Skia.Gtk", "PaddingWM.Skia.Gtk\PaddingWM.Skia.Gtk.csproj", "{A5B8155A-118F-4794-B551-C6F3CF7E5411}"
EndProject
Project("{9A19103F-16F7-4668-BE54-9A1E7A4F7556}") = "PaddingWM.Skia.WPF", "PaddingWM.Skia.WPF\PaddingWM.Skia.WPF.csproj", "{A469680E-2FB0-41CB-9A64-9BE9D37EF3F4}"
EndProject
Project("{9A19103F-16F7-4668-BE54-9A1E7A4F7556}") = "PaddingWM.Skia.Wpf.Host", "PaddingWM.Skia.WPF.Host\PaddingWM.Skia.Wpf.Host.csproj", "{6CF284A4-22B1-4F05-97F4-F095C07A598E}"
EndProject
Project("{9A19103F-16F7-4668-BE54-9A1E7A4F7556}") = "PaddingWM.Skia.Tizen", "PaddingWM.Skia.Tizen\PaddingWM.Skia.Tizen.csproj", "{9AED22A6-77DC-4799-BAE7-5F26F2070BD2}"
EndProject
Project("{9A19103F-16F7-4668-BE54-9A1E7A4F7556}") = "PaddingWM.Skia.Linux.FrameBuffer", "PaddingWM.Skia.Linux.FrameBuffer\PaddingWM.Skia.Linux.FrameBuffer.csproj", "{761D821E-9905-4444-9ADF-76C995FE5427}"
EndProject
Global
	GlobalSection(SolutionConfigurationPlatforms) = preSolution
		Debug|Any CPU = Debug|Any CPU
		Debug|ARM = Debug|ARM
		Debug|ARM64 = Debug|ARM64
		Debug|iPhone = Debug|iPhone
		Debug|iPhoneSimulator = Debug|iPhoneSimulator
		Debug|x64 = Debug|x64
		Debug|x86 = Debug|x86
		Release|Any CPU = Release|Any CPU
		Release|ARM = Release|ARM
		Release|ARM64 = Release|ARM64
		Release|iPhone = Release|iPhone
		Release|iPhoneSimulator = Release|iPhoneSimulator
		Release|x64 = Release|x64
		Release|x86 = Release|x86
	EndGlobalSection
	GlobalSection(ProjectConfigurationPlatforms) = postSolution
		{AF3BD0AD-86D1-4D13-BC7E-97B5B9CB8E01}.Debug|Any CPU.ActiveCfg = Debug|Any CPU
		{AF3BD0AD-86D1-4D13-BC7E-97B5B9CB8E01}.Debug|Any CPU.Build.0 = Debug|Any CPU
		{AF3BD0AD-86D1-4D13-BC7E-97B5B9CB8E01}.Debug|Any CPU.Deploy.0 = Debug|Any CPU
		{AF3BD0AD-86D1-4D13-BC7E-97B5B9CB8E01}.Debug|ARM.ActiveCfg = Debug|Any CPU
		{AF3BD0AD-86D1-4D13-BC7E-97B5B9CB8E01}.Debug|ARM.Build.0 = Debug|Any CPU
		{AF3BD0AD-86D1-4D13-BC7E-97B5B9CB8E01}.Debug|ARM.Deploy.0 = Debug|Any CPU
		{AF3BD0AD-86D1-4D13-BC7E-97B5B9CB8E01}.Debug|ARM64.ActiveCfg = Debug|Any CPU
		{AF3BD0AD-86D1-4D13-BC7E-97B5B9CB8E01}.Debug|ARM64.Build.0 = Debug|Any CPU
		{AF3BD0AD-86D1-4D13-BC7E-97B5B9CB8E01}.Debug|ARM64.Deploy.0 = Debug|Any CPU
		{AF3BD0AD-86D1-4D13-BC7E-97B5B9CB8E01}.Debug|iPhone.ActiveCfg = Debug|Any CPU
		{AF3BD0AD-86D1-4D13-BC7E-97B5B9CB8E01}.Debug|iPhone.Build.0 = Debug|Any CPU
		{AF3BD0AD-86D1-4D13-BC7E-97B5B9CB8E01}.Debug|iPhone.Deploy.0 = Debug|Any CPU
		{AF3BD0AD-86D1-4D13-BC7E-97B5B9CB8E01}.Debug|iPhoneSimulator.ActiveCfg = Debug|Any CPU
		{AF3BD0AD-86D1-4D13-BC7E-97B5B9CB8E01}.Debug|iPhoneSimulator.Build.0 = Debug|Any CPU
		{AF3BD0AD-86D1-4D13-BC7E-97B5B9CB8E01}.Debug|iPhoneSimulator.Deploy.0 = Debug|Any CPU
		{AF3BD0AD-86D1-4D13-BC7E-97B5B9CB8E01}.Debug|x64.ActiveCfg = Debug|Any CPU
		{AF3BD0AD-86D1-4D13-BC7E-97B5B9CB8E01}.Debug|x64.Build.0 = Debug|Any CPU
		{AF3BD0AD-86D1-4D13-BC7E-97B5B9CB8E01}.Debug|x64.Deploy.0 = Debug|Any CPU
		{AF3BD0AD-86D1-4D13-BC7E-97B5B9CB8E01}.Debug|x86.ActiveCfg = Debug|Any CPU
		{AF3BD0AD-86D1-4D13-BC7E-97B5B9CB8E01}.Debug|x86.Build.0 = Debug|Any CPU
		{AF3BD0AD-86D1-4D13-BC7E-97B5B9CB8E01}.Debug|x86.Deploy.0 = Debug|Any CPU
		{AF3BD0AD-86D1-4D13-BC7E-97B5B9CB8E01}.Release|Any CPU.ActiveCfg = Release|Any CPU
		{AF3BD0AD-86D1-4D13-BC7E-97B5B9CB8E01}.Release|Any CPU.Build.0 = Release|Any CPU
		{AF3BD0AD-86D1-4D13-BC7E-97B5B9CB8E01}.Release|Any CPU.Deploy.0 = Release|Any CPU
		{AF3BD0AD-86D1-4D13-BC7E-97B5B9CB8E01}.Release|ARM.ActiveCfg = Release|Any CPU
		{AF3BD0AD-86D1-4D13-BC7E-97B5B9CB8E01}.Release|ARM.Build.0 = Release|Any CPU
		{AF3BD0AD-86D1-4D13-BC7E-97B5B9CB8E01}.Release|ARM.Deploy.0 = Release|Any CPU
		{AF3BD0AD-86D1-4D13-BC7E-97B5B9CB8E01}.Release|ARM64.ActiveCfg = Release|Any CPU
		{AF3BD0AD-86D1-4D13-BC7E-97B5B9CB8E01}.Release|ARM64.Build.0 = Release|Any CPU
		{AF3BD0AD-86D1-4D13-BC7E-97B5B9CB8E01}.Release|ARM64.Deploy.0 = Release|Any CPU
		{AF3BD0AD-86D1-4D13-BC7E-97B5B9CB8E01}.Release|iPhone.ActiveCfg = Release|Any CPU
		{AF3BD0AD-86D1-4D13-BC7E-97B5B9CB8E01}.Release|iPhone.Build.0 = Release|Any CPU
		{AF3BD0AD-86D1-4D13-BC7E-97B5B9CB8E01}.Release|iPhone.Deploy.0 = Release|Any CPU
		{AF3BD0AD-86D1-4D13-BC7E-97B5B9CB8E01}.Release|iPhoneSimulator.ActiveCfg = Release|Any CPU
		{AF3BD0AD-86D1-4D13-BC7E-97B5B9CB8E01}.Release|iPhoneSimulator.Build.0 = Release|Any CPU
		{AF3BD0AD-86D1-4D13-BC7E-97B5B9CB8E01}.Release|iPhoneSimulator.Deploy.0 = Release|Any CPU
		{AF3BD0AD-86D1-4D13-BC7E-97B5B9CB8E01}.Release|x64.ActiveCfg = Release|Any CPU
		{AF3BD0AD-86D1-4D13-BC7E-97B5B9CB8E01}.Release|x64.Build.0 = Release|Any CPU
		{AF3BD0AD-86D1-4D13-BC7E-97B5B9CB8E01}.Release|x64.Deploy.0 = Release|Any CPU
		{AF3BD0AD-86D1-4D13-BC7E-97B5B9CB8E01}.Release|x86.ActiveCfg = Release|Any CPU
		{AF3BD0AD-86D1-4D13-BC7E-97B5B9CB8E01}.Release|x86.Build.0 = Release|Any CPU
		{AF3BD0AD-86D1-4D13-BC7E-97B5B9CB8E01}.Release|x86.Deploy.0 = Release|Any CPU
		{E906E62F-0CC8-4906-AA50-83BD10519585}.Debug|Any CPU.ActiveCfg = Debug|iPhone
		{E906E62F-0CC8-4906-AA50-83BD10519585}.Debug|Any CPU.Build.0 = Debug|iPhone
		{E906E62F-0CC8-4906-AA50-83BD10519585}.Debug|Any CPU.Deploy.0 = Debug|iPhone
		{E906E62F-0CC8-4906-AA50-83BD10519585}.Debug|ARM.ActiveCfg = Debug|iPhone
		{E906E62F-0CC8-4906-AA50-83BD10519585}.Debug|ARM64.ActiveCfg = Debug|iPhone
		{E906E62F-0CC8-4906-AA50-83BD10519585}.Debug|iPhone.ActiveCfg = Debug|iPhone
		{E906E62F-0CC8-4906-AA50-83BD10519585}.Debug|iPhone.Build.0 = Debug|iPhone
		{E906E62F-0CC8-4906-AA50-83BD10519585}.Debug|iPhoneSimulator.ActiveCfg = Debug|iPhoneSimulator
		{E906E62F-0CC8-4906-AA50-83BD10519585}.Debug|iPhoneSimulator.Build.0 = Debug|iPhoneSimulator
		{E906E62F-0CC8-4906-AA50-83BD10519585}.Debug|x64.ActiveCfg = Debug|iPhone
		{E906E62F-0CC8-4906-AA50-83BD10519585}.Debug|x64.Build.0 = Debug|iPhone
		{E906E62F-0CC8-4906-AA50-83BD10519585}.Debug|x64.Deploy.0 = Debug|iPhone
		{E906E62F-0CC8-4906-AA50-83BD10519585}.Debug|x86.ActiveCfg = Debug|iPhoneSimulator
		{E906E62F-0CC8-4906-AA50-83BD10519585}.Debug|x86.Build.0 = Debug|iPhoneSimulator
		{E906E62F-0CC8-4906-AA50-83BD10519585}.Debug|x86.Deploy.0 = Debug|iPhoneSimulator
		{E906E62F-0CC8-4906-AA50-83BD10519585}.Release|Any CPU.ActiveCfg = Release|iPhone
		{E906E62F-0CC8-4906-AA50-83BD10519585}.Release|ARM.ActiveCfg = Release|iPhone
		{E906E62F-0CC8-4906-AA50-83BD10519585}.Release|ARM64.ActiveCfg = Release|iPhone
		{E906E62F-0CC8-4906-AA50-83BD10519585}.Release|iPhone.ActiveCfg = Release|iPhone
		{E906E62F-0CC8-4906-AA50-83BD10519585}.Release|iPhone.Build.0 = Release|iPhone
		{E906E62F-0CC8-4906-AA50-83BD10519585}.Release|iPhoneSimulator.ActiveCfg = Release|iPhoneSimulator
		{E906E62F-0CC8-4906-AA50-83BD10519585}.Release|iPhoneSimulator.Build.0 = Release|iPhoneSimulator
		{E906E62F-0CC8-4906-AA50-83BD10519585}.Release|x64.ActiveCfg = Release|iPhoneSimulator
		{E906E62F-0CC8-4906-AA50-83BD10519585}.Release|x64.Build.0 = Release|iPhoneSimulator
		{E906E62F-0CC8-4906-AA50-83BD10519585}.Release|x64.Deploy.0 = Release|iPhoneSimulator
		{E906E62F-0CC8-4906-AA50-83BD10519585}.Release|x86.ActiveCfg = Release|iPhoneSimulator
		{E906E62F-0CC8-4906-AA50-83BD10519585}.Release|x86.Build.0 = Release|iPhoneSimulator
		{AC386025-B78C-4FBC-B715-73864DFABAA6}.Debug|Any CPU.ActiveCfg = Debug|x86
		{AC386025-B78C-4FBC-B715-73864DFABAA6}.Debug|Any CPU.Build.0 = Debug|x86
		{AC386025-B78C-4FBC-B715-73864DFABAA6}.Debug|Any CPU.Deploy.0 = Debug|x86
		{AC386025-B78C-4FBC-B715-73864DFABAA6}.Debug|ARM.ActiveCfg = Debug|ARM
		{AC386025-B78C-4FBC-B715-73864DFABAA6}.Debug|ARM.Build.0 = Debug|ARM
		{AC386025-B78C-4FBC-B715-73864DFABAA6}.Debug|ARM.Deploy.0 = Debug|ARM
		{AC386025-B78C-4FBC-B715-73864DFABAA6}.Debug|ARM64.ActiveCfg = Debug|ARM64
		{AC386025-B78C-4FBC-B715-73864DFABAA6}.Debug|ARM64.Build.0 = Debug|ARM64
		{AC386025-B78C-4FBC-B715-73864DFABAA6}.Debug|ARM64.Deploy.0 = Debug|ARM64
		{AC386025-B78C-4FBC-B715-73864DFABAA6}.Debug|iPhone.ActiveCfg = Debug|x86
		{AC386025-B78C-4FBC-B715-73864DFABAA6}.Debug|iPhone.Build.0 = Debug|x86
		{AC386025-B78C-4FBC-B715-73864DFABAA6}.Debug|iPhone.Deploy.0 = Debug|x86
		{AC386025-B78C-4FBC-B715-73864DFABAA6}.Debug|iPhoneSimulator.ActiveCfg = Debug|x86
		{AC386025-B78C-4FBC-B715-73864DFABAA6}.Debug|iPhoneSimulator.Build.0 = Debug|x86
		{AC386025-B78C-4FBC-B715-73864DFABAA6}.Debug|iPhoneSimulator.Deploy.0 = Debug|x86
		{AC386025-B78C-4FBC-B715-73864DFABAA6}.Debug|x64.ActiveCfg = Debug|x64
		{AC386025-B78C-4FBC-B715-73864DFABAA6}.Debug|x64.Build.0 = Debug|x64
		{AC386025-B78C-4FBC-B715-73864DFABAA6}.Debug|x64.Deploy.0 = Debug|x64
		{AC386025-B78C-4FBC-B715-73864DFABAA6}.Debug|x86.ActiveCfg = Debug|x86
		{AC386025-B78C-4FBC-B715-73864DFABAA6}.Debug|x86.Build.0 = Debug|x86
		{AC386025-B78C-4FBC-B715-73864DFABAA6}.Debug|x86.Deploy.0 = Debug|x86
		{AC386025-B78C-4FBC-B715-73864DFABAA6}.Release|Any CPU.ActiveCfg = Release|x86
		{AC386025-B78C-4FBC-B715-73864DFABAA6}.Release|ARM.ActiveCfg = Release|ARM
		{AC386025-B78C-4FBC-B715-73864DFABAA6}.Release|ARM.Build.0 = Release|ARM
		{AC386025-B78C-4FBC-B715-73864DFABAA6}.Release|ARM.Deploy.0 = Release|ARM
		{AC386025-B78C-4FBC-B715-73864DFABAA6}.Release|ARM64.ActiveCfg = Release|ARM64
		{AC386025-B78C-4FBC-B715-73864DFABAA6}.Release|ARM64.Build.0 = Release|ARM64
		{AC386025-B78C-4FBC-B715-73864DFABAA6}.Release|ARM64.Deploy.0 = Release|ARM64
		{AC386025-B78C-4FBC-B715-73864DFABAA6}.Release|iPhone.ActiveCfg = Release|x86
		{AC386025-B78C-4FBC-B715-73864DFABAA6}.Release|iPhone.Build.0 = Release|x86
		{AC386025-B78C-4FBC-B715-73864DFABAA6}.Release|iPhoneSimulator.ActiveCfg = Release|x86
		{AC386025-B78C-4FBC-B715-73864DFABAA6}.Release|iPhoneSimulator.Build.0 = Release|x86
		{AC386025-B78C-4FBC-B715-73864DFABAA6}.Release|iPhoneSimulator.Deploy.0 = Release|x86
		{AC386025-B78C-4FBC-B715-73864DFABAA6}.Release|x64.ActiveCfg = Release|x64
		{AC386025-B78C-4FBC-B715-73864DFABAA6}.Release|x64.Build.0 = Release|x64
		{AC386025-B78C-4FBC-B715-73864DFABAA6}.Release|x64.Deploy.0 = Release|x64
		{AC386025-B78C-4FBC-B715-73864DFABAA6}.Release|x86.ActiveCfg = Release|x86
		{AC386025-B78C-4FBC-B715-73864DFABAA6}.Release|x86.Build.0 = Release|x86
		{AC386025-B78C-4FBC-B715-73864DFABAA6}.Release|x86.Deploy.0 = Release|x86
		{40EA03F7-8A22-4143-B251-79BAC3EB13D2}.Debug|Any CPU.ActiveCfg = Debug|Any CPU
		{40EA03F7-8A22-4143-B251-79BAC3EB13D2}.Debug|Any CPU.Build.0 = Debug|Any CPU
		{40EA03F7-8A22-4143-B251-79BAC3EB13D2}.Debug|ARM.ActiveCfg = Debug|Any CPU
		{40EA03F7-8A22-4143-B251-79BAC3EB13D2}.Debug|ARM.Build.0 = Debug|Any CPU
		{40EA03F7-8A22-4143-B251-79BAC3EB13D2}.Debug|ARM64.ActiveCfg = Debug|Any CPU
		{40EA03F7-8A22-4143-B251-79BAC3EB13D2}.Debug|ARM64.Build.0 = Debug|Any CPU
		{40EA03F7-8A22-4143-B251-79BAC3EB13D2}.Debug|iPhone.ActiveCfg = Debug|Any CPU
		{40EA03F7-8A22-4143-B251-79BAC3EB13D2}.Debug|iPhone.Build.0 = Debug|Any CPU
		{40EA03F7-8A22-4143-B251-79BAC3EB13D2}.Debug|iPhoneSimulator.ActiveCfg = Debug|Any CPU
		{40EA03F7-8A22-4143-B251-79BAC3EB13D2}.Debug|iPhoneSimulator.Build.0 = Debug|Any CPU
		{40EA03F7-8A22-4143-B251-79BAC3EB13D2}.Debug|x64.ActiveCfg = Debug|Any CPU
		{40EA03F7-8A22-4143-B251-79BAC3EB13D2}.Debug|x64.Build.0 = Debug|Any CPU
		{40EA03F7-8A22-4143-B251-79BAC3EB13D2}.Debug|x86.ActiveCfg = Debug|Any CPU
		{40EA03F7-8A22-4143-B251-79BAC3EB13D2}.Debug|x86.Build.0 = Debug|Any CPU
		{40EA03F7-8A22-4143-B251-79BAC3EB13D2}.Release|Any CPU.ActiveCfg = Release|Any CPU
		{40EA03F7-8A22-4143-B251-79BAC3EB13D2}.Release|Any CPU.Build.0 = Release|Any CPU
		{40EA03F7-8A22-4143-B251-79BAC3EB13D2}.Release|ARM.ActiveCfg = Release|Any CPU
		{40EA03F7-8A22-4143-B251-79BAC3EB13D2}.Release|ARM.Build.0 = Release|Any CPU
		{40EA03F7-8A22-4143-B251-79BAC3EB13D2}.Release|ARM64.ActiveCfg = Release|Any CPU
		{40EA03F7-8A22-4143-B251-79BAC3EB13D2}.Release|ARM64.Build.0 = Release|Any CPU
		{40EA03F7-8A22-4143-B251-79BAC3EB13D2}.Release|iPhone.ActiveCfg = Release|Any CPU
		{40EA03F7-8A22-4143-B251-79BAC3EB13D2}.Release|iPhone.Build.0 = Release|Any CPU
		{40EA03F7-8A22-4143-B251-79BAC3EB13D2}.Release|iPhoneSimulator.ActiveCfg = Release|Any CPU
		{40EA03F7-8A22-4143-B251-79BAC3EB13D2}.Release|iPhoneSimulator.Build.0 = Release|Any CPU
		{40EA03F7-8A22-4143-B251-79BAC3EB13D2}.Release|x64.ActiveCfg = Release|Any CPU
		{40EA03F7-8A22-4143-B251-79BAC3EB13D2}.Release|x64.Build.0 = Release|Any CPU
		{40EA03F7-8A22-4143-B251-79BAC3EB13D2}.Release|x86.ActiveCfg = Release|Any CPU
		{40EA03F7-8A22-4143-B251-79BAC3EB13D2}.Release|x86.Build.0 = Release|Any CPU
		{33D2E527-0118-4C8E-8C46-CD3AEF9BD1D8}.Debug|Any CPU.ActiveCfg = Debug|iPhoneSimulator
		{33D2E527-0118-4C8E-8C46-CD3AEF9BD1D8}.Debug|Any CPU.Build.0 = Debug|iPhoneSimulator
		{33D2E527-0118-4C8E-8C46-CD3AEF9BD1D8}.Debug|ARM.ActiveCfg = Debug|iPhoneSimulator
		{33D2E527-0118-4C8E-8C46-CD3AEF9BD1D8}.Debug|ARM64.ActiveCfg = Debug|iPhoneSimulator
		{33D2E527-0118-4C8E-8C46-CD3AEF9BD1D8}.Debug|iPhone.ActiveCfg = Debug|iPhoneSimulator
		{33D2E527-0118-4C8E-8C46-CD3AEF9BD1D8}.Debug|iPhone.Build.0 = Debug|iPhoneSimulator
		{33D2E527-0118-4C8E-8C46-CD3AEF9BD1D8}.Debug|iPhoneSimulator.ActiveCfg = Debug|iPhoneSimulator
		{33D2E527-0118-4C8E-8C46-CD3AEF9BD1D8}.Debug|iPhoneSimulator.Build.0 = Debug|iPhoneSimulator
		{33D2E527-0118-4C8E-8C46-CD3AEF9BD1D8}.Debug|x64.ActiveCfg = Debug|iPhoneSimulator
		{33D2E527-0118-4C8E-8C46-CD3AEF9BD1D8}.Debug|x64.Build.0 = Debug|iPhoneSimulator
		{33D2E527-0118-4C8E-8C46-CD3AEF9BD1D8}.Debug|x86.ActiveCfg = Debug|iPhoneSimulator
		{33D2E527-0118-4C8E-8C46-CD3AEF9BD1D8}.Debug|x86.Build.0 = Debug|iPhoneSimulator
		{33D2E527-0118-4C8E-8C46-CD3AEF9BD1D8}.Release|Any CPU.ActiveCfg = Release|iPhoneSimulator
		{33D2E527-0118-4C8E-8C46-CD3AEF9BD1D8}.Release|ARM.ActiveCfg = Release|iPhoneSimulator
		{33D2E527-0118-4C8E-8C46-CD3AEF9BD1D8}.Release|ARM64.ActiveCfg = Release|iPhoneSimulator
		{33D2E527-0118-4C8E-8C46-CD3AEF9BD1D8}.Release|iPhone.ActiveCfg = Release|iPhoneSimulator
		{33D2E527-0118-4C8E-8C46-CD3AEF9BD1D8}.Release|iPhone.Build.0 = Release|iPhoneSimulator
		{33D2E527-0118-4C8E-8C46-CD3AEF9BD1D8}.Release|iPhoneSimulator.ActiveCfg = Release|iPhoneSimulator
		{33D2E527-0118-4C8E-8C46-CD3AEF9BD1D8}.Release|iPhoneSimulator.Build.0 = Release|iPhoneSimulator
		{33D2E527-0118-4C8E-8C46-CD3AEF9BD1D8}.Release|x64.ActiveCfg = Release|iPhoneSimulator
		{33D2E527-0118-4C8E-8C46-CD3AEF9BD1D8}.Release|x64.Build.0 = Release|iPhoneSimulator
		{33D2E527-0118-4C8E-8C46-CD3AEF9BD1D8}.Release|x86.ActiveCfg = Release|iPhoneSimulator
		{33D2E527-0118-4C8E-8C46-CD3AEF9BD1D8}.Release|x86.Build.0 = Release|iPhoneSimulator
		{A5B8155A-118F-4794-B551-C6F3CF7E5411}.Debug|Any CPU.ActiveCfg = Debug|Any CPU
		{A5B8155A-118F-4794-B551-C6F3CF7E5411}.Debug|Any CPU.Build.0 = Debug|Any CPU
		{A5B8155A-118F-4794-B551-C6F3CF7E5411}.Debug|ARM.ActiveCfg = Debug|Any CPU
		{A5B8155A-118F-4794-B551-C6F3CF7E5411}.Debug|ARM.Build.0 = Debug|Any CPU
		{A5B8155A-118F-4794-B551-C6F3CF7E5411}.Debug|ARM64.ActiveCfg = Debug|Any CPU
		{A5B8155A-118F-4794-B551-C6F3CF7E5411}.Debug|ARM64.Build.0 = Debug|Any CPU
		{A5B8155A-118F-4794-B551-C6F3CF7E5411}.Debug|iPhone.ActiveCfg = Debug|Any CPU
		{A5B8155A-118F-4794-B551-C6F3CF7E5411}.Debug|iPhone.Build.0 = Debug|Any CPU
		{A5B8155A-118F-4794-B551-C6F3CF7E5411}.Debug|iPhoneSimulator.ActiveCfg = Debug|Any CPU
		{A5B8155A-118F-4794-B551-C6F3CF7E5411}.Debug|iPhoneSimulator.Build.0 = Debug|Any CPU
		{A5B8155A-118F-4794-B551-C6F3CF7E5411}.Debug|x64.ActiveCfg = Debug|Any CPU
		{A5B8155A-118F-4794-B551-C6F3CF7E5411}.Debug|x64.Build.0 = Debug|Any CPU
		{A5B8155A-118F-4794-B551-C6F3CF7E5411}.Debug|x86.ActiveCfg = Debug|Any CPU
		{A5B8155A-118F-4794-B551-C6F3CF7E5411}.Debug|x86.Build.0 = Debug|Any CPU
		{A5B8155A-118F-4794-B551-C6F3CF7E5411}.Release|Any CPU.ActiveCfg = Release|Any CPU
		{A5B8155A-118F-4794-B551-C6F3CF7E5411}.Release|Any CPU.Build.0 = Release|Any CPU
		{A5B8155A-118F-4794-B551-C6F3CF7E5411}.Release|ARM.ActiveCfg = Release|Any CPU
		{A5B8155A-118F-4794-B551-C6F3CF7E5411}.Release|ARM.Build.0 = Release|Any CPU
		{A5B8155A-118F-4794-B551-C6F3CF7E5411}.Release|ARM64.ActiveCfg = Release|Any CPU
		{A5B8155A-118F-4794-B551-C6F3CF7E5411}.Release|ARM64.Build.0 = Release|Any CPU
		{A5B8155A-118F-4794-B551-C6F3CF7E5411}.Release|iPhone.ActiveCfg = Release|Any CPU
		{A5B8155A-118F-4794-B551-C6F3CF7E5411}.Release|iPhone.Build.0 = Release|Any CPU
		{A5B8155A-118F-4794-B551-C6F3CF7E5411}.Release|iPhoneSimulator.ActiveCfg = Release|Any CPU
		{A5B8155A-118F-4794-B551-C6F3CF7E5411}.Release|iPhoneSimulator.Build.0 = Release|Any CPU
		{A5B8155A-118F-4794-B551-C6F3CF7E5411}.Release|x64.ActiveCfg = Release|Any CPU
		{A5B8155A-118F-4794-B551-C6F3CF7E5411}.Release|x64.Build.0 = Release|Any CPU
		{A5B8155A-118F-4794-B551-C6F3CF7E5411}.Release|x86.ActiveCfg = Release|Any CPU
		{A5B8155A-118F-4794-B551-C6F3CF7E5411}.Release|x86.Build.0 = Release|Any CPU
		{A469680E-2FB0-41CB-9A64-9BE9D37EF3F4}.Debug|Any CPU.ActiveCfg = Debug|Any CPU
		{A469680E-2FB0-41CB-9A64-9BE9D37EF3F4}.Debug|Any CPU.Build.0 = Debug|Any CPU
		{A469680E-2FB0-41CB-9A64-9BE9D37EF3F4}.Debug|Any CPU.Deploy.0 = Debug|Any CPU
		{A469680E-2FB0-41CB-9A64-9BE9D37EF3F4}.Debug|ARM.ActiveCfg = Debug|Any CPU
		{A469680E-2FB0-41CB-9A64-9BE9D37EF3F4}.Debug|ARM.Build.0 = Debug|Any CPU
		{A469680E-2FB0-41CB-9A64-9BE9D37EF3F4}.Debug|ARM.Deploy.0 = Debug|Any CPU
		{A469680E-2FB0-41CB-9A64-9BE9D37EF3F4}.Debug|ARM64.ActiveCfg = Debug|Any CPU
		{A469680E-2FB0-41CB-9A64-9BE9D37EF3F4}.Debug|ARM64.Build.0 = Debug|Any CPU
		{A469680E-2FB0-41CB-9A64-9BE9D37EF3F4}.Debug|ARM64.Deploy.0 = Debug|Any CPU
		{A469680E-2FB0-41CB-9A64-9BE9D37EF3F4}.Debug|iPhone.ActiveCfg = Debug|Any CPU
		{A469680E-2FB0-41CB-9A64-9BE9D37EF3F4}.Debug|iPhone.Build.0 = Debug|Any CPU
		{A469680E-2FB0-41CB-9A64-9BE9D37EF3F4}.Debug|iPhone.Deploy.0 = Debug|Any CPU
		{A469680E-2FB0-41CB-9A64-9BE9D37EF3F4}.Debug|iPhoneSimulator.ActiveCfg = Debug|Any CPU
		{A469680E-2FB0-41CB-9A64-9BE9D37EF3F4}.Debug|iPhoneSimulator.Build.0 = Debug|Any CPU
		{A469680E-2FB0-41CB-9A64-9BE9D37EF3F4}.Debug|iPhoneSimulator.Deploy.0 = Debug|Any CPU
		{A469680E-2FB0-41CB-9A64-9BE9D37EF3F4}.Debug|x64.ActiveCfg = Debug|Any CPU
		{A469680E-2FB0-41CB-9A64-9BE9D37EF3F4}.Debug|x64.Build.0 = Debug|Any CPU
		{A469680E-2FB0-41CB-9A64-9BE9D37EF3F4}.Debug|x64.Deploy.0 = Debug|Any CPU
		{A469680E-2FB0-41CB-9A64-9BE9D37EF3F4}.Debug|x86.ActiveCfg = Debug|Any CPU
		{A469680E-2FB0-41CB-9A64-9BE9D37EF3F4}.Debug|x86.Build.0 = Debug|Any CPU
		{A469680E-2FB0-41CB-9A64-9BE9D37EF3F4}.Debug|x86.Deploy.0 = Debug|Any CPU
		{A469680E-2FB0-41CB-9A64-9BE9D37EF3F4}.Release|Any CPU.ActiveCfg = Release|Any CPU
		{A469680E-2FB0-41CB-9A64-9BE9D37EF3F4}.Release|Any CPU.Build.0 = Release|Any CPU
		{A469680E-2FB0-41CB-9A64-9BE9D37EF3F4}.Release|ARM.ActiveCfg = Release|Any CPU
		{A469680E-2FB0-41CB-9A64-9BE9D37EF3F4}.Release|ARM.Build.0 = Release|Any CPU
		{A469680E-2FB0-41CB-9A64-9BE9D37EF3F4}.Release|ARM.Deploy.0 = Release|Any CPU
		{A469680E-2FB0-41CB-9A64-9BE9D37EF3F4}.Release|ARM64.ActiveCfg = Release|Any CPU
		{A469680E-2FB0-41CB-9A64-9BE9D37EF3F4}.Release|ARM64.Build.0 = Release|Any CPU
		{A469680E-2FB0-41CB-9A64-9BE9D37EF3F4}.Release|ARM64.Deploy.0 = Release|Any CPU
		{A469680E-2FB0-41CB-9A64-9BE9D37EF3F4}.Release|iPhone.ActiveCfg = Release|Any CPU
		{A469680E-2FB0-41CB-9A64-9BE9D37EF3F4}.Release|iPhone.Build.0 = Release|Any CPU
		{A469680E-2FB0-41CB-9A64-9BE9D37EF3F4}.Release|iPhoneSimulator.ActiveCfg = Release|Any CPU
		{A469680E-2FB0-41CB-9A64-9BE9D37EF3F4}.Release|iPhoneSimulator.Build.0 = Release|Any CPU
		{A469680E-2FB0-41CB-9A64-9BE9D37EF3F4}.Release|iPhoneSimulator.Deploy.0 = Release|Any CPU
		{A469680E-2FB0-41CB-9A64-9BE9D37EF3F4}.Release|x64.ActiveCfg = Release|Any CPU
		{A469680E-2FB0-41CB-9A64-9BE9D37EF3F4}.Release|x64.Build.0 = Release|Any CPU
		{A469680E-2FB0-41CB-9A64-9BE9D37EF3F4}.Release|x64.Deploy.0 = Release|Any CPU
		{A469680E-2FB0-41CB-9A64-9BE9D37EF3F4}.Release|x86.ActiveCfg = Release|Any CPU
		{A469680E-2FB0-41CB-9A64-9BE9D37EF3F4}.Release|x86.Build.0 = Release|Any CPU
		{A469680E-2FB0-41CB-9A64-9BE9D37EF3F4}.Release|x86.Deploy.0 = Release|Any CPU
		{6CF284A4-22B1-4F05-97F4-F095C07A598E}.Debug|Any CPU.ActiveCfg = Debug|Any CPU
		{6CF284A4-22B1-4F05-97F4-F095C07A598E}.Debug|Any CPU.Build.0 = Debug|Any CPU
		{6CF284A4-22B1-4F05-97F4-F095C07A598E}.Debug|ARM.ActiveCfg = Debug|Any CPU
		{6CF284A4-22B1-4F05-97F4-F095C07A598E}.Debug|ARM.Build.0 = Debug|Any CPU
		{6CF284A4-22B1-4F05-97F4-F095C07A598E}.Debug|ARM64.ActiveCfg = Debug|Any CPU
		{6CF284A4-22B1-4F05-97F4-F095C07A598E}.Debug|ARM64.Build.0 = Debug|Any CPU
		{6CF284A4-22B1-4F05-97F4-F095C07A598E}.Debug|iPhone.ActiveCfg = Debug|Any CPU
		{6CF284A4-22B1-4F05-97F4-F095C07A598E}.Debug|iPhone.Build.0 = Debug|Any CPU
		{6CF284A4-22B1-4F05-97F4-F095C07A598E}.Debug|iPhoneSimulator.ActiveCfg = Debug|Any CPU
		{6CF284A4-22B1-4F05-97F4-F095C07A598E}.Debug|iPhoneSimulator.Build.0 = Debug|Any CPU
		{6CF284A4-22B1-4F05-97F4-F095C07A598E}.Debug|x64.ActiveCfg = Debug|Any CPU
		{6CF284A4-22B1-4F05-97F4-F095C07A598E}.Debug|x64.Build.0 = Debug|Any CPU
		{6CF284A4-22B1-4F05-97F4-F095C07A598E}.Debug|x86.ActiveCfg = Debug|Any CPU
		{6CF284A4-22B1-4F05-97F4-F095C07A598E}.Debug|x86.Build.0 = Debug|Any CPU
		{6CF284A4-22B1-4F05-97F4-F095C07A598E}.Release|Any CPU.ActiveCfg = Release|Any CPU
		{6CF284A4-22B1-4F05-97F4-F095C07A598E}.Release|Any CPU.Build.0 = Release|Any CPU
		{6CF284A4-22B1-4F05-97F4-F095C07A598E}.Release|ARM.ActiveCfg = Release|Any CPU
		{6CF284A4-22B1-4F05-97F4-F095C07A598E}.Release|ARM.Build.0 = Release|Any CPU
		{6CF284A4-22B1-4F05-97F4-F095C07A598E}.Release|ARM64.ActiveCfg = Release|Any CPU
		{6CF284A4-22B1-4F05-97F4-F095C07A598E}.Release|ARM64.Build.0 = Release|Any CPU
		{6CF284A4-22B1-4F05-97F4-F095C07A598E}.Release|iPhone.ActiveCfg = Release|Any CPU
		{6CF284A4-22B1-4F05-97F4-F095C07A598E}.Release|iPhone.Build.0 = Release|Any CPU
		{6CF284A4-22B1-4F05-97F4-F095C07A598E}.Release|iPhoneSimulator.ActiveCfg = Release|Any CPU
		{6CF284A4-22B1-4F05-97F4-F095C07A598E}.Release|iPhoneSimulator.Build.0 = Release|Any CPU
		{6CF284A4-22B1-4F05-97F4-F095C07A598E}.Release|x64.ActiveCfg = Release|Any CPU
		{6CF284A4-22B1-4F05-97F4-F095C07A598E}.Release|x64.Build.0 = Release|Any CPU
		{6CF284A4-22B1-4F05-97F4-F095C07A598E}.Release|x86.ActiveCfg = Release|Any CPU
		{6CF284A4-22B1-4F05-97F4-F095C07A598E}.Release|x86.Build.0 = Release|Any CPU
		{9AED22A6-77DC-4799-BAE7-5F26F2070BD2}.Debug|Any CPU.ActiveCfg = Debug|Any CPU
		{9AED22A6-77DC-4799-BAE7-5F26F2070BD2}.Debug|Any CPU.Build.0 = Debug|Any CPU
		{9AED22A6-77DC-4799-BAE7-5F26F2070BD2}.Debug|ARM.ActiveCfg = Debug|Any CPU
		{9AED22A6-77DC-4799-BAE7-5F26F2070BD2}.Debug|ARM.Build.0 = Debug|Any CPU
		{9AED22A6-77DC-4799-BAE7-5F26F2070BD2}.Debug|ARM64.ActiveCfg = Debug|Any CPU
		{9AED22A6-77DC-4799-BAE7-5F26F2070BD2}.Debug|ARM64.Build.0 = Debug|Any CPU
		{9AED22A6-77DC-4799-BAE7-5F26F2070BD2}.Debug|iPhone.ActiveCfg = Debug|Any CPU
		{9AED22A6-77DC-4799-BAE7-5F26F2070BD2}.Debug|iPhone.Build.0 = Debug|Any CPU
		{9AED22A6-77DC-4799-BAE7-5F26F2070BD2}.Debug|iPhoneSimulator.ActiveCfg = Debug|Any CPU
		{9AED22A6-77DC-4799-BAE7-5F26F2070BD2}.Debug|iPhoneSimulator.Build.0 = Debug|Any CPU
		{9AED22A6-77DC-4799-BAE7-5F26F2070BD2}.Debug|x64.ActiveCfg = Debug|Any CPU
		{9AED22A6-77DC-4799-BAE7-5F26F2070BD2}.Debug|x64.Build.0 = Debug|Any CPU
		{9AED22A6-77DC-4799-BAE7-5F26F2070BD2}.Debug|x86.ActiveCfg = Debug|Any CPU
		{9AED22A6-77DC-4799-BAE7-5F26F2070BD2}.Debug|x86.Build.0 = Debug|Any CPU
		{9AED22A6-77DC-4799-BAE7-5F26F2070BD2}.Release|Any CPU.ActiveCfg = Release|Any CPU
		{9AED22A6-77DC-4799-BAE7-5F26F2070BD2}.Release|Any CPU.Build.0 = Release|Any CPU
		{9AED22A6-77DC-4799-BAE7-5F26F2070BD2}.Release|ARM.ActiveCfg = Release|Any CPU
		{9AED22A6-77DC-4799-BAE7-5F26F2070BD2}.Release|ARM.Build.0 = Release|Any CPU
		{9AED22A6-77DC-4799-BAE7-5F26F2070BD2}.Release|ARM64.ActiveCfg = Release|Any CPU
		{9AED22A6-77DC-4799-BAE7-5F26F2070BD2}.Release|ARM64.Build.0 = Release|Any CPU
		{9AED22A6-77DC-4799-BAE7-5F26F2070BD2}.Release|iPhone.ActiveCfg = Release|Any CPU
		{9AED22A6-77DC-4799-BAE7-5F26F2070BD2}.Release|iPhone.Build.0 = Release|Any CPU
		{9AED22A6-77DC-4799-BAE7-5F26F2070BD2}.Release|iPhoneSimulator.ActiveCfg = Release|Any CPU
		{9AED22A6-77DC-4799-BAE7-5F26F2070BD2}.Release|iPhoneSimulator.Build.0 = Release|Any CPU
		{9AED22A6-77DC-4799-BAE7-5F26F2070BD2}.Release|x64.ActiveCfg = Release|Any CPU
		{9AED22A6-77DC-4799-BAE7-5F26F2070BD2}.Release|x64.Build.0 = Release|Any CPU
		{9AED22A6-77DC-4799-BAE7-5F26F2070BD2}.Release|x86.ActiveCfg = Release|Any CPU
		{9AED22A6-77DC-4799-BAE7-5F26F2070BD2}.Release|x86.Build.0 = Release|Any CPU
		{761D821E-9905-4444-9ADF-76C995FE5427}.Debug|Any CPU.ActiveCfg = Debug|Any CPU
		{761D821E-9905-4444-9ADF-76C995FE5427}.Debug|Any CPU.Build.0 = Debug|Any CPU
		{761D821E-9905-4444-9ADF-76C995FE5427}.Debug|ARM.ActiveCfg = Debug|Any CPU
		{761D821E-9905-4444-9ADF-76C995FE5427}.Debug|ARM.Build.0 = Debug|Any CPU
		{761D821E-9905-4444-9ADF-76C995FE5427}.Debug|ARM64.ActiveCfg = Debug|Any CPU
		{761D821E-9905-4444-9ADF-76C995FE5427}.Debug|ARM64.Build.0 = Debug|Any CPU
		{761D821E-9905-4444-9ADF-76C995FE5427}.Debug|iPhone.ActiveCfg = Debug|Any CPU
		{761D821E-9905-4444-9ADF-76C995FE5427}.Debug|iPhone.Build.0 = Debug|Any CPU
		{761D821E-9905-4444-9ADF-76C995FE5427}.Debug|iPhoneSimulator.ActiveCfg = Debug|Any CPU
		{761D821E-9905-4444-9ADF-76C995FE5427}.Debug|iPhoneSimulator.Build.0 = Debug|Any CPU
		{761D821E-9905-4444-9ADF-76C995FE5427}.Debug|x64.ActiveCfg = Debug|Any CPU
		{761D821E-9905-4444-9ADF-76C995FE5427}.Debug|x64.Build.0 = Debug|Any CPU
		{761D821E-9905-4444-9ADF-76C995FE5427}.Debug|x86.ActiveCfg = Debug|Any CPU
		{761D821E-9905-4444-9ADF-76C995FE5427}.Debug|x86.Build.0 = Debug|Any CPU
		{761D821E-9905-4444-9ADF-76C995FE5427}.Release|Any CPU.ActiveCfg = Release|Any CPU
		{761D821E-9905-4444-9ADF-76C995FE5427}.Release|Any CPU.Build.0 = Release|Any CPU
		{761D821E-9905-4444-9ADF-76C995FE5427}.Release|ARM.ActiveCfg = Release|Any CPU
		{761D821E-9905-4444-9ADF-76C995FE5427}.Release|ARM.Build.0 = Release|Any CPU
		{761D821E-9905-4444-9ADF-76C995FE5427}.Release|ARM64.ActiveCfg = Release|Any CPU
		{761D821E-9905-4444-9ADF-76C995FE5427}.Release|ARM64.Build.0 = Release|Any CPU
		{761D821E-9905-4444-9ADF-76C995FE5427}.Release|iPhone.ActiveCfg = Release|Any CPU
		{761D821E-9905-4444-9ADF-76C995FE5427}.Release|iPhone.Build.0 = Release|Any CPU
		{761D821E-9905-4444-9ADF-76C995FE5427}.Release|iPhoneSimulator.ActiveCfg = Release|Any CPU
		{761D821E-9905-4444-9ADF-76C995FE5427}.Release|iPhoneSimulator.Build.0 = Release|Any CPU
		{761D821E-9905-4444-9ADF-76C995FE5427}.Release|x64.ActiveCfg = Release|Any CPU
		{761D821E-9905-4444-9ADF-76C995FE5427}.Release|x64.Build.0 = Release|Any CPU
		{761D821E-9905-4444-9ADF-76C995FE5427}.Release|x86.ActiveCfg = Release|Any CPU
		{761D821E-9905-4444-9ADF-76C995FE5427}.Release|x86.Build.0 = Release|Any CPU
	EndGlobalSection
	GlobalSection(SolutionProperties) = preSolution
		HideSolutionNode = FALSE
	EndGlobalSection
	GlobalSection(ExtensibilityGlobals) = postSolution
		SolutionGuid = {C7433AE2-B1A0-4C1A-887E-5CAA7AAF67A6}
	EndGlobalSection
	GlobalSection(SharedMSBuildProjectFiles) = preSolution
		PaddingWM.Shared\PaddingWM.Shared.projitems*{33d2e527-0118-4c8e-8c46-cd3aef9bd1d8}*SharedItemsImports = 4
		PaddingWM.Shared\PaddingWM.Shared.projitems*{40ea03f7-8a22-4143-b251-79bac3eb13d2}*SharedItemsImports = 5
		PaddingWM.Shared\PaddingWM.Shared.projitems*{6279c845-92f8-4333-ab99-3d213163593c}*SharedItemsImports = 13
		PaddingWM.Shared\PaddingWM.Shared.projitems*{761d821e-9905-4444-9adf-76c995fe5427}*SharedItemsImports = 5
		PaddingWM.Shared\PaddingWM.Shared.projitems*{9aed22a6-77dc-4799-bae7-5f26f2070bd2}*SharedItemsImports = 5
		PaddingWM.Shared\PaddingWM.Shared.projitems*{a469680e-2fb0-41cb-9a64-9be9d37ef3f4}*SharedItemsImports = 5
		PaddingWM.Shared\PaddingWM.Shared.projitems*{a5b8155a-118f-4794-b551-c6f3cf7e5411}*SharedItemsImports = 5
		PaddingWM.Shared\PaddingWM.Shared.projitems*{ac386025-b78c-4fbc-b715-73864dfabaa6}*SharedItemsImports = 4
		PaddingWM.Shared\PaddingWM.Shared.projitems*{af3bd0ad-86d1-4d13-bc7e-97b5b9cb8e01}*SharedItemsImports = 4
		PaddingWM.Shared\PaddingWM.Shared.projitems*{e906e62f-0cc8-4906-aa50-83bd10519585}*SharedItemsImports = 4
	EndGlobalSection
EndGlobal
